
Microsoft Visual Studio Solution File, Format Version 12.00
Project("{FAE04EC0-301F-11D3-BF4B-00C04F79EFBC}") = "TermiosLib", "TermiosLib\TermiosLib.csproj", "{81B3448C-DE1D-4909-AED4-CDD02CB887A8}"
EndProject
Global
	GlobalSection(SolutionConfigurationPlatforms) = preSolution
		Debug|Any CPU = Debug|Any CPU
		Release|Any CPU = Release|Any CPU
	EndGlobalSection
	GlobalSection(ProjectConfigurationPlatforms) = postSolution
		{81B3448C-DE1D-4909-AED4-CDD02CB887A8}.Debug|Any CPU.ActiveCfg = Debug|Any CPU
		{81B3448C-DE1D-4909-AED4-CDD02CB887A8}.Debug|Any CPU.Build.0 = Debug|Any CPU
		{81B3448C-DE1D-4909-AED4-CDD02CB887A8}.Release|Any CPU.ActiveCfg = Release|Any CPU
		{81B3448C-DE1D-4909-AED4-CDD02CB887A8}.Release|Any CPU.Build.0 = Release|Any CPU
	EndGlobalSection
EndGlobal
